
Microsoft Visual Studio Solution File, Format Version 11.00
# Visual Studio 2010
Project("{FAE04EC0-301F-11D3-BF4B-00C04F79EFBC}") = "Dovetail.SDK.Bootstrap", "Dovetail.SDK.Bootstrap\Dovetail.SDK.Bootstrap.csproj", "{9947E369-AFF9-4911-AB0A-99B918A8F3CF}"
EndProject
Project("{FAE04EC0-301F-11D3-BF4B-00C04F79EFBC}") = "Web", "Web\Web.csproj", "{81BEBC91-46D5-4118-84AF-F85C2BEAE32C}"
EndProject
Project("{2150E333-8FDC-42A3-9474-1A3956D46DE8}") = "automation", "automation", "{1E8F677D-96E1-413F-8810-BEBBBB358658}"
	ProjectSection(SolutionItems) = preProject
		..\rakefile.rb = ..\rakefile.rb
	EndProjectSection
EndProject
Global
	GlobalSection(SolutionConfigurationPlatforms) = preSolution
		Debug|Any CPU = Debug|Any CPU
		Release|Any CPU = Release|Any CPU
	EndGlobalSection
	GlobalSection(ProjectConfigurationPlatforms) = postSolution
		{9947E369-AFF9-4911-AB0A-99B918A8F3CF}.Debug|Any CPU.ActiveCfg = Debug|Any CPU
		{9947E369-AFF9-4911-AB0A-99B918A8F3CF}.Debug|Any CPU.Build.0 = Debug|Any CPU
		{9947E369-AFF9-4911-AB0A-99B918A8F3CF}.Release|Any CPU.ActiveCfg = Release|Any CPU
		{9947E369-AFF9-4911-AB0A-99B918A8F3CF}.Release|Any CPU.Build.0 = Release|Any CPU
		{81BEBC91-46D5-4118-84AF-F85C2BEAE32C}.Debug|Any CPU.ActiveCfg = Debug|Any CPU
		{81BEBC91-46D5-4118-84AF-F85C2BEAE32C}.Debug|Any CPU.Build.0 = Debug|Any CPU
		{81BEBC91-46D5-4118-84AF-F85C2BEAE32C}.Release|Any CPU.ActiveCfg = Release|Any CPU
		{81BEBC91-46D5-4118-84AF-F85C2BEAE32C}.Release|Any CPU.Build.0 = Release|Any CPU
	EndGlobalSection
	GlobalSection(SolutionProperties) = preSolution
		HideSolutionNode = FALSE
	EndGlobalSection
EndGlobal
